// !$*UTF8*$!
{
	archiveVersion = 1;
	classes = {
	};
	objectVersion = 56;
	objects = {

/* Begin PBXBuildFile section */
		A1000001 /* LinguaDigestLiteApp.swift in Sources */ = {isa = PBXBuildFile; fileRef = A2000001; };
		A1000002 /* ArticleListView.swift in Sources */ = {isa = PBXBuildFile; fileRef = A2000002; };
		A1000003 /* ReaderView.swift in Sources */ = {isa = PBXBuildFile; fileRef = A2000003; };
		A1000004 /* FeedListView.swift in Sources */ = {isa = PBXBuildFile; fileRef = A2000004; };
		A1000005 /* VocabularyListView.swift in Sources */ = {isa = PBXBuildFile; fileRef = A2000005; };
		A1000006 /* SettingsView.swift in Sources */ = {isa = PBXBuildFile; fileRef = A2000006; };
		A1000018 /* AddFeedSheetView.swift in Sources */ = {isa = PBXBuildFile; fileRef = A2000019; };
		A1000007 /* Article.swift in Sources */ = {isa = PBXBuildFile; fileRef = A2000007; };
		A1000008 /* Feed.swift in Sources */ = {isa = PBXBuildFile; fileRef = A2000008; };
		A1000009 /* Vocabulary.swift in Sources */ = {isa = PBXBuildFile; fileRef = A2000009; };
		A1000010 /* ReadingSettings.swift in Sources */ = {isa = PBXBuildFile; fileRef = A2000010; };
		A1000011 /* DatabaseManager.swift in Sources */ = {isa = PBXBuildFile; fileRef = A2000011; };
		A1000012 /* FeedService.swift in Sources */ = {isa = PBXBuildFile; fileRef = A2000012; };
		A1000013 /* DictionaryService.swift in Sources */ = {isa = PBXBuildFile; fileRef = A2000013; };
		A1000014 /* SpeechService.swift in Sources */ = {isa = PBXBuildFile; fileRef = A2000014; };
		A1000015 /* FeedViewModel.swift in Sources */ = {isa = PBXBuildFile; fileRef = A2000015; };
		A1000016 /* ArticleViewModel.swift in Sources */ = {isa = PBXBuildFile; fileRef = A2000016; };
		A1000017 /* VocabularyViewModel.swift in Sources */ = {isa = PBXBuildFile; fileRef = A2000017; };
		A1000019 /* VocabularyCategory.swift in Sources */ = {isa = PBXBuildFile; fileRef = A2000020; };
		A1000020 /* ReaderViewModel.swift in Sources */ = {isa = PBXBuildFile; fileRef = A2000021; };
		A1000021 /* RefreshLogEntry.swift in Sources */ = {isa = PBXBuildFile; fileRef = A2000022; };
		A1000022 /* RefreshLogView.swift in Sources */ = {isa = PBXBuildFile; fileRef = A2000023; };
		A1000023 /* TextTranslationViewModel.swift in Sources */ = {isa = PBXBuildFile; fileRef = A2000024; };
		A1000024 /* SavedSentence.swift in Sources */ = {isa = PBXBuildFile; fileRef = A2000025; };
		A1000025 /* SentenceViewModel.swift in Sources */ = {isa = PBXBuildFile; fileRef = A2000026; };
		A1000026 /* SentenceDetailView.swift in Sources */ = {isa = PBXBuildFile; fileRef = A2000027; };
		74669B16947CCE2A92F0BD69 /* TranslationService.swift in Sources */ = {isa = PBXBuildFile; fileRef = 516F0788A9C6B3B5AB0F8316 /* TranslationService.swift */; };
		B2D0B39EAEE53CCDBF24756 /* DictionaryImportService.swift in Sources */ = {isa = PBXBuildFile; fileRef = C9F19285151B423B65B76402 /* DictionaryImportService.swift */; };
		0E1B995485C170F8F5145E3 /* DictionaryDownloadService.swift in Sources */ = {isa = PBXBuildFile; fileRef = 0ED5E3F4B02127A46B65E8E8 /* DictionaryDownloadService.swift */; };
		7C125E53C4171059E7E05A1 /* NotificationService.swift in Sources */ = {isa = PBXBuildFile; fileRef = D353280496F1BE7EB1C13C8B /* NotificationService.swift */; };
		A91C7CCFC5784F81AFE9262 /* DictionaryDatabaseManager.swift in Sources */ = {isa = PBXBuildFile; fileRef = D0F94AC4BB654CD18FB32EF9 /* DictionaryDatabaseManager.swift */; };
		AA1B2C3D4E5F6A7B8C9D0E1F /* DictionaryEntry.swift in Sources */ = {isa = PBXBuildFile; fileRef = BB2C3D4E5F6A7B8C9D0E1F2A /* DictionaryEntry.swift */; };
		CC2D0E1F2A3B4C5D6E7F8A9B /* ecdict.db in Resources */ = {isa = PBXBuildFile; fileRef = CC1D0E1F2A3B4C5D6E7F8A9B /* ecdict.db */; };
		L10N_BUILD_FILE /* L10n.swift in Sources */ = {isa = PBXBuildFile; fileRef = L10N_FILE_REF; };
		L10N_STRINGS_BUILD /* Localizable.strings in Resources */ = {isa = PBXBuildFile; fileRef = L10N_VARIANT_GROUP; };
		SH000002 /* SQLiteHelper.swift in Sources */ = {isa = PBXBuildFile; fileRef = SH000001; };
		SQL00002 /* libsqlite3.tbd in Frameworks */ = {isa = PBXBuildFile; fileRef = SQL00001; };
		A1000027 /* FeedStorage.swift in Sources */ = {isa = PBXBuildFile; fileRef = A2000028; };
		A1000028 /* ArticleStorage.swift in Sources */ = {isa = PBXBuildFile; fileRef = A2000029; };
		A1000029 /* VocabularyStorage.swift in Sources */ = {isa = PBXBuildFile; fileRef = A2000030; };
		A1000030 /* CategoryStorage.swift in Sources */ = {isa = PBXBuildFile; fileRef = A2000031; };
		A1000031 /* SentenceStorage.swift in Sources */ = {isa = PBXBuildFile; fileRef = A2000032; };
		A1000032 /* RefreshLogStorage.swift in Sources */ = {isa = PBXBuildFile; fileRef = A2000033; };
		A1000033 /* HTMLEntityDecoder.swift in Sources */ = {isa = PBXBuildFile; fileRef = A2000034; };
		A1000034 /* HTMLContentExtractor.swift in Sources */ = {isa = PBXBuildFile; fileRef = A2000035; };
		A1000035 /* RSSParser.swift in Sources */ = {isa = PBXBuildFile; fileRef = A2000036; };
		A1000036 /* ArticleReaderTextView.swift in Sources */ = {isa = PBXBuildFile; fileRef = A2000037; };
		A1000037 /* CategoryViews.swift in Sources */ = {isa = PBXBuildFile; fileRef = A2000038; };
		A1000038 /* FontPickerView.swift in Sources */ = {isa = PBXBuildFile; fileRef = A2000039; };
		A1000039 /* ReaderTextView.swift in Sources */ = {isa = PBXBuildFile; fileRef = A2000040; };
		A1000040 /* ReviewView.swift in Sources */ = {isa = PBXBuildFile; fileRef = A2000041; };
		A1000041 /* SentenceRowView.swift in Sources */ = {isa = PBXBuildFile; fileRef = A2000042; };
		A1000042 /* SentenceSaveSheet.swift in Sources */ = {isa = PBXBuildFile; fileRef = A2000043; };
		A1000043 /* SentenceTranslationSheet.swift in Sources */ = {isa = PBXBuildFile; fileRef = A2000044; };
		A1000044 /* SystemDictionarySheetView.swift in Sources */ = {isa = PBXBuildFile; fileRef = A2000045; };
		A1000045 /* ThemePickerView.swift in Sources */ = {isa = PBXBuildFile; fileRef = A2000046; };
		A1000046 /* VocabularyLevelPickerView.swift in Sources */ = {isa = PBXBuildFile; fileRef = A2000047; };
		A1000047 /* VocabularyRowView.swift in Sources */ = {isa = PBXBuildFile; fileRef = A2000048; };
		A1000048 /* VoicePickerView.swift in Sources */ = {isa = PBXBuildFile; fileRef = A2000049; };
		A1000049 /* ReaderMetaPill.swift in Sources */ = {isa = PBXBuildFile; fileRef = A2000050; };
		A1000050 /* StatItem.swift in Sources */ = {isa = PBXBuildFile; fileRef = A2000051; };
		A1000051 /* DictionaryExportSheet.swift in Sources */ = {isa = PBXBuildFile; fileRef = A2000052; };
		A1000052 /* DictionaryFormatGuideSheet.swift in Sources */ = {isa = PBXBuildFile; fileRef = A2000053; };
		A1000053 /* DictionaryImportSheet.swift in Sources */ = {isa = PBXBuildFile; fileRef = A2000054; };
/* End PBXBuildFile section */

/* Begin PBXFileReference section */
		A2000001 /* LinguaDigestLiteApp.swift */ = {isa = PBXFileReference; lastKnownFileType = sourcecode.swift; path = LinguaDigestLiteApp.swift; sourceTree = "<group>"; };
		A2000002 /* ArticleListView.swift */ = {isa = PBXFileReference; lastKnownFileType = sourcecode.swift; path = ArticleListView.swift; sourceTree = "<group>"; };
		A2000003 /* ReaderView.swift */ = {isa = PBXFileReference; lastKnownFileType = sourcecode.swift; path = ReaderView.swift; sourceTree = "<group>"; };
		A2000004 /* FeedListView.swift */ = {isa = PBXFileReference; lastKnownFileType = sourcecode.swift; path = FeedListView.swift; sourceTree = "<group>"; };
		A2000005 /* VocabularyListView.swift */ = {isa = PBXFileReference; lastKnownFileType = sourcecode.swift; path = VocabularyListView.swift; sourceTree = "<group>"; };
		A2000006 /* SettingsView.swift */ = {isa = PBXFileReference; lastKnownFileType = sourcecode.swift; path = SettingsView.swift; sourceTree = "<group>"; };
		A2000019 /* AddFeedSheetView.swift */ = {isa = PBXFileReference; lastKnownFileType = sourcecode.swift; path = AddFeedSheetView.swift; sourceTree = "<group>"; };
		A2000023 /* RefreshLogView.swift */ = {isa = PBXFileReference; lastKnownFileType = sourcecode.swift; path = RefreshLogView.swift; sourceTree = "<group>"; };
		A2000020 /* VocabularyCategory.swift */ = {isa = PBXFileReference; lastKnownFileType = sourcecode.swift; path = VocabularyCategory.swift; sourceTree = "<group>"; };
		A2000007 /* Article.swift */ = {isa = PBXFileReference; lastKnownFileType = sourcecode.swift; path = Article.swift; sourceTree = "<group>"; };
		A2000008 /* Feed.swift */ = {isa = PBXFileReference; lastKnownFileType = sourcecode.swift; path = Feed.swift; sourceTree = "<group>"; };
		A2000009 /* Vocabulary.swift */ = {isa = PBXFileReference; lastKnownFileType = sourcecode.swift; path = Vocabulary.swift; sourceTree = "<group>"; };
		A2000010 /* ReadingSettings.swift */ = {isa = PBXFileReference; lastKnownFileType = sourcecode.swift; path = ReadingSettings.swift; sourceTree = "<group>"; };
		A2000011 /* DatabaseManager.swift */ = {isa = PBXFileReference; lastKnownFileType = sourcecode.swift; path = DatabaseManager.swift; sourceTree = "<group>"; };
		A2000012 /* FeedService.swift */ = {isa = PBXFileReference; lastKnownFileType = sourcecode.swift; path = FeedService.swift; sourceTree = "<group>"; };
		A2000013 /* DictionaryService.swift */ = {isa = PBXFileReference; lastKnownFileType = sourcecode.swift; path = DictionaryService.swift; sourceTree = "<group>"; };
		A2000014 /* SpeechService.swift */ = {isa = PBXFileReference; lastKnownFileType = sourcecode.swift; path = SpeechService.swift; sourceTree = "<group>"; };
		A2000015 /* FeedViewModel.swift */ = {isa = PBXFileReference; lastKnownFileType = sourcecode.swift; path = FeedViewModel.swift; sourceTree = "<group>"; };
		A2000016 /* ArticleViewModel.swift */ = {isa = PBXFileReference; lastKnownFileType = sourcecode.swift; path = ArticleViewModel.swift; sourceTree = "<group>"; };
		A2000017 /* VocabularyViewModel.swift */ = {isa = PBXFileReference; lastKnownFileType = sourcecode.swift; path = VocabularyViewModel.swift; sourceTree = "<group>"; };
		A2000018 /* Info.plist */ = {isa = PBXFileReference; lastKnownFileType = text.plist.xml; path = Info.plist; sourceTree = "<group>"; };
		A2000021 /* ReaderViewModel.swift */ = {isa = PBXFileReference; lastKnownFileType = sourcecode.swift; path = ReaderViewModel.swift; sourceTree = "<group>"; };
		A2000024 /* TextTranslationViewModel.swift */ = {isa = PBXFileReference; lastKnownFileType = sourcecode.swift; path = TextTranslationViewModel.swift; sourceTree = "<group>"; };
		A2000025 /* SavedSentence.swift */ = {isa = PBXFileReference; lastKnownFileType = sourcecode.swift; path = SavedSentence.swift; sourceTree = "<group>"; };
		A2000026 /* SentenceViewModel.swift */ = {isa = PBXFileReference; lastKnownFileType = sourcecode.swift; path = SentenceViewModel.swift; sourceTree = "<group>"; };
		A2000027 /* SentenceDetailView.swift */ = {isa = PBXFileReference; lastKnownFileType = sourcecode.swift; path = SentenceDetailView.swift; sourceTree = "<group>"; };
		A3000001 /* LinguaDigestLite.app */ = {isa = PBXFileReference; explicitFileType = wrapper.application; includeInIndex = 0; path = LinguaDigestLite.app; sourceTree = BUILT_PRODUCTS_DIR; };

		516F0788A9C6B3B5AB0F8316 /* TranslationService.swift */ = {isa = PBXFileReference; lastKnownFileType = sourcecode.swift; path = TranslationService.swift; sourceTree = "<group>"; };
		C9F19285151B423B65B76402 /* DictionaryImportService.swift */ = {isa = PBXFileReference; lastKnownFileType = sourcecode.swift; path = DictionaryImportService.swift; sourceTree = "<group>"; };
		0ED5E3F4B02127A46B65E8E8 /* DictionaryDownloadService.swift */ = {isa = PBXFileReference; lastKnownFileType = sourcecode.swift; path = DictionaryDownloadService.swift; sourceTree = "<group>"; };
		D353280496F1BE7EB1C13C8B /* NotificationService.swift */ = {isa = PBXFileReference; lastKnownFileType = sourcecode.swift; path = NotificationService.swift; sourceTree = "<group>"; };
		D0F94AC4BB654CD18FB32EF9 /* DictionaryDatabaseManager.swift */ = {isa = PBXFileReference; lastKnownFileType = sourcecode.swift; path = DictionaryDatabaseManager.swift; sourceTree = "<group>"; };
		BB2C3D4E5F6A7B8C9D0E1F2A /* DictionaryEntry.swift */ = {isa = PBXFileReference; lastKnownFileType = sourcecode.swift; path = DictionaryEntry.swift; sourceTree = "<group>"; };
		A2000022 /* RefreshLogEntry.swift */ = {isa = PBXFileReference; lastKnownFileType = sourcecode.swift; path = RefreshLogEntry.swift; sourceTree = "<group>"; };
		CC1D0E1F2A3B4C5D6E7F8A9B /* ecdict.db */ = {isa = PBXFileReference; lastKnownFileType = file; path = ecdict.db; sourceTree = "<group>"; };
		L10N_FILE_REF /* L10n.swift */ = {isa = PBXFileReference; lastKnownFileType = sourcecode.swift; path = L10n.swift; sourceTree = "<group>"; };
		SH000001 /* SQLiteHelper.swift */ = {isa = PBXFileReference; lastKnownFileType = sourcecode.swift; path = SQLiteHelper.swift; sourceTree = "<group>"; };
		SQL00001 /* libsqlite3.tbd */ = {isa = PBXFileReference; lastKnownFileType = "sourcecode.text-based-dylib-definition"; name = libsqlite3.tbd; path = usr/lib/libsqlite3.tbd; sourceTree = SDKROOT; };
		L10N_EN_REF /* en */ = {isa = PBXFileReference; lastKnownFileType = text.plist.strings; name = en; path = en.lproj/Localizable.strings; sourceTree = "<group>"; };
		L10N_ZH_REF /* zh-Hans */ = {isa = PBXFileReference; lastKnownFileType = text.plist.strings; name = "zh-Hans"; path = "zh-Hans.lproj/Localizable.strings"; sourceTree = "<group>"; };
		A2000028 /* FeedStorage.swift */ = {isa = PBXFileReference; lastKnownFileType = sourcecode.swift; path = FeedStorage.swift; sourceTree = "<group>"; };
		A2000029 /* ArticleStorage.swift */ = {isa = PBXFileReference; lastKnownFileType = sourcecode.swift; path = ArticleStorage.swift; sourceTree = "<group>"; };
		A2000030 /* VocabularyStorage.swift */ = {isa = PBXFileReference; lastKnownFileType = sourcecode.swift; path = VocabularyStorage.swift; sourceTree = "<group>"; };
		A2000031 /* CategoryStorage.swift */ = {isa = PBXFileReference; lastKnownFileType = sourcecode.swift; path = CategoryStorage.swift; sourceTree = "<group>"; };
		A2000032 /* SentenceStorage.swift */ = {isa = PBXFileReference; lastKnownFileType = sourcecode.swift; path = SentenceStorage.swift; sourceTree = "<group>"; };
		A2000033 /* RefreshLogStorage.swift */ = {isa = PBXFileReference; lastKnownFileType = sourcecode.swift; path = RefreshLogStorage.swift; sourceTree = "<group>"; };
		A2000034 /* HTMLEntityDecoder.swift */ = {isa = PBXFileReference; lastKnownFileType = sourcecode.swift; path = HTMLEntityDecoder.swift; sourceTree = "<group>"; };
		A2000035 /* HTMLContentExtractor.swift */ = {isa = PBXFileReference; lastKnownFileType = sourcecode.swift; path = HTMLContentExtractor.swift; sourceTree = "<group>"; };
		A2000036 /* RSSParser.swift */ = {isa = PBXFileReference; lastKnownFileType = sourcecode.swift; path = RSSParser.swift; sourceTree = "<group>"; };
		A2000037 /* ArticleReaderTextView.swift */ = {isa = PBXFileReference; lastKnownFileType = sourcecode.swift; path = ArticleReaderTextView.swift; sourceTree = "<group>"; };
		A2000038 /* CategoryViews.swift */ = {isa = PBXFileReference; lastKnownFileType = sourcecode.swift; path = CategoryViews.swift; sourceTree = "<group>"; };
		A2000039 /* FontPickerView.swift */ = {isa = PBXFileReference; lastKnownFileType = sourcecode.swift; path = FontPickerView.swift; sourceTree = "<group>"; };
		A2000040 /* ReaderTextView.swift */ = {isa = PBXFileReference; lastKnownFileType = sourcecode.swift; path = ReaderTextView.swift; sourceTree = "<group>"; };
		A2000041 /* ReviewView.swift */ = {isa = PBXFileReference; lastKnownFileType = sourcecode.swift; path = ReviewView.swift; sourceTree = "<group>"; };
		A2000042 /* SentenceRowView.swift */ = {isa = PBXFileReference; lastKnownFileType = sourcecode.swift; path = SentenceRowView.swift; sourceTree = "<group>"; };
		A2000043 /* SentenceSaveSheet.swift */ = {isa = PBXFileReference; lastKnownFileType = sourcecode.swift; path = SentenceSaveSheet.swift; sourceTree = "<group>"; };
		A2000044 /* SentenceTranslationSheet.swift */ = {isa = PBXFileReference; lastKnownFileType = sourcecode.swift; path = SentenceTranslationSheet.swift; sourceTree = "<group>"; };
		A2000045 /* SystemDictionarySheetView.swift */ = {isa = PBXFileReference; lastKnownFileType = sourcecode.swift; path = SystemDictionarySheetView.swift; sourceTree = "<group>"; };
		A2000046 /* ThemePickerView.swift */ = {isa = PBXFileReference; lastKnownFileType = sourcecode.swift; path = ThemePickerView.swift; sourceTree = "<group>"; };
		A2000047 /* VocabularyLevelPickerView.swift */ = {isa = PBXFileReference; lastKnownFileType = sourcecode.swift; path = VocabularyLevelPickerView.swift; sourceTree = "<group>"; };
		A2000048 /* VocabularyRowView.swift */ = {isa = PBXFileReference; lastKnownFileType = sourcecode.swift; path = VocabularyRowView.swift; sourceTree = "<group>"; };
		A2000049 /* VoicePickerView.swift */ = {isa = PBXFileReference; lastKnownFileType = sourcecode.swift; path = VoicePickerView.swift; sourceTree = "<group>"; };
		A2000050 /* ReaderMetaPill.swift */ = {isa = PBXFileReference; lastKnownFileType = sourcecode.swift; path = ReaderMetaPill.swift; sourceTree = "<group>"; };
		A2000051 /* StatItem.swift */ = {isa = PBXFileReference; lastKnownFileType = sourcecode.swift; path = StatItem.swift; sourceTree = "<group>"; };
		A2000052 /* DictionaryExportSheet.swift */ = {isa = PBXFileReference; lastKnownFileType = sourcecode.swift; path = DictionaryExportSheet.swift; sourceTree = "<group>"; };
		A2000053 /* DictionaryFormatGuideSheet.swift */ = {isa = PBXFileReference; lastKnownFileType = sourcecode.swift; path = DictionaryFormatGuideSheet.swift; sourceTree = "<group>"; };
		A2000054 /* DictionaryImportSheet.swift */ = {isa = PBXFileReference; lastKnownFileType = sourcecode.swift; path = DictionaryImportSheet.swift; sourceTree = "<group>"; };
/* End PBXFileReference section */

/* Begin PBXVariantGroup section */
		L10N_VARIANT_GROUP /* Localizable.strings */ = {
			isa = PBXVariantGroup;
			children = (
				L10N_EN_REF /* en */,
				L10N_ZH_REF /* zh-Hans */,
			);
			name = "Localizable.strings";
			sourceTree = "<group>";
		};
/* End PBXVariantGroup section */

/* Begin PBXFrameworksBuildPhase section */
		A4000001 /* Frameworks */ = {
			isa = PBXFrameworksBuildPhase;
			buildActionMask = 2147483647;
			files = (
				SQL00002 /* libsqlite3.tbd in Frameworks */,
			);
			runOnlyForDeploymentPostprocessing = 0;
		};
/* End PBXFrameworksBuildPhase section */

/* Begin PBXGroup section */
		A5000001 = {
			isa = PBXGroup;
			children = (
				A5000002 /* LinguaDigestLite */,
				A5000003 /* Products */,
			);
			sourceTree = "<group>";
		};
		A5000002 /* LinguaDigestLite */ = {
			isa = PBXGroup;
			children = (
				A5000004 /* Models */,
				A5000005 /* Views */,
				A5000006 /* ViewModels */,
				A5000007 /* Services */,
				A5000008 /* Utils */,
				A5000009 /* Resources */,
				A2000001 /* LinguaDigestLiteApp.swift */,
				A2000018 /* Info.plist */,
			);
			path = LinguaDigestLite;
			sourceTree = "<group>";
		};
		A5000003 /* Products */ = {
			isa = PBXGroup;
			children = (
				A3000001 /* LinguaDigestLite.app */,
			);
			name = Products;
			sourceTree = "<group>";
		};
		A5000004 /* Models */ = {
			isa = PBXGroup;
			children = (
				A2000007 /* Article.swift */,
				A2000008 /* Feed.swift */,
				A2000009 /* Vocabulary.swift */,
				A2000020 /* VocabularyCategory.swift */,
				A2000010 /* ReadingSettings.swift */,
				BB2C3D4E5F6A7B8C9D0E1F2A /* DictionaryEntry.swift */,
				A2000022 /* RefreshLogEntry.swift */,
				A2000025 /* SavedSentence.swift */,
			);
			path = Models;
			sourceTree = "<group>";
		};
		A5000005 /* Views */ = {
			isa = PBXGroup;
			children = (
				A2000002 /* ArticleListView.swift */,
				A2000003 /* ReaderView.swift */,
				A2000004 /* FeedListView.swift */,
				A2000005 /* VocabularyListView.swift */,
				A2000006 /* SettingsView.swift */,
				A2000019 /* AddFeedSheetView.swift */,
				A2000023 /* RefreshLogView.swift */,
				A2000027 /* SentenceDetailView.swift */,
				A2000037 /* ArticleReaderTextView.swift */,
				A2000038 /* CategoryViews.swift */,
				A2000039 /* FontPickerView.swift */,
				A2000040 /* ReaderTextView.swift */,
				A2000041 /* ReviewView.swift */,
				A2000042 /* SentenceRowView.swift */,
				A2000043 /* SentenceSaveSheet.swift */,
				A2000044 /* SentenceTranslationSheet.swift */,
				A2000045 /* SystemDictionarySheetView.swift */,
				A2000046 /* ThemePickerView.swift */,
				A2000047 /* VocabularyLevelPickerView.swift */,
				A2000048 /* VocabularyRowView.swift */,
				A2000049 /* VoicePickerView.swift */,
				A5000010 /* Components */,
				A5000011 /* DictionaryImport */,
			);
			path = Views;
			sourceTree = "<group>";
		};
		A5000010 /* Components */ = {
			isa = PBXGroup;
			children = (
				A2000050 /* ReaderMetaPill.swift */,
				A2000051 /* StatItem.swift */,
			);
			name = Components;
			path = Components;
			sourceTree = "<group>";
		};
		A5000011 /* DictionaryImport */ = {
			isa = PBXGroup;
			children = (
				A2000052 /* DictionaryExportSheet.swift */,
				A2000053 /* DictionaryFormatGuideSheet.swift */,
				A2000054 /* DictionaryImportSheet.swift */,
			);
			name = DictionaryImport;
			path = DictionaryImport;
			sourceTree = "<group>";
		};
		A5000006 /* ViewModels */ = {
			isa = PBXGroup;
			children = (
				A2000015 /* FeedViewModel.swift */,
				A2000016 /* ArticleViewModel.swift */,
				A2000017 /* VocabularyViewModel.swift */,
				A2000021 /* ReaderViewModel.swift */,
				A2000024 /* TextTranslationViewModel.swift */,
				A2000026 /* SentenceViewModel.swift */,
			);
			path = ViewModels;
			sourceTree = "<group>";
		};
		A5000007 /* Services */ = {
			isa = PBXGroup;
			children = (
				A2000011 /* DatabaseManager.swift */,
				A2000012 /* FeedService.swift */,
				A2000013 /* DictionaryService.swift */,
				A2000014 /* SpeechService.swift */,
				516F0788A9C6B3B5AB0F8316 /* TranslationService.swift */,
				C9F19285151B423B65B76402 /* DictionaryImportService.swift */,
				0ED5E3F4B02127A46B65E8E8 /* DictionaryDownloadService.swift */,
				D353280496F1BE7EB1C13C8B /* NotificationService.swift */,
				D0F94AC4BB654CD18FB32EF9 /* DictionaryDatabaseManager.swift */,
				A2000028 /* FeedStorage.swift */,
				A2000029 /* ArticleStorage.swift */,
				A2000030 /* VocabularyStorage.swift */,
				A2000031 /* CategoryStorage.swift */,
				A2000032 /* SentenceStorage.swift */,
				A2000033 /* RefreshLogStorage.swift */,
				A2000034 /* HTMLEntityDecoder.swift */,
				A2000035 /* HTMLContentExtractor.swift */,
				A2000036 /* RSSParser.swift */,
			);
			path = Services;
			sourceTree = "<group>";
		};
		A5000008 /* Utils */ = {
			isa = PBXGroup;
			children = (
				L10N_FILE_REF /* L10n.swift */,
				SH000001 /* SQLiteHelper.swift */,
			);
			path = Utils;
			sourceTree = "<group>";
		};
		A5000009 /* Resources */ = {
			isa = PBXGroup;
			children = (
				CC1D0E1F2A3B4C5D6E7F8A9B /* ecdict.db */,
				L10N_VARIANT_GROUP /* Localizable.strings */,
			);
			path = Resources;
			sourceTree = "<group>";
		};
/* End PBXGroup section */

/* Begin PBXNativeTarget section */
		A6000001 /* LinguaDigestLite */ = {
			isa = PBXNativeTarget;
			buildConfigurationList = A7000001;
			buildPhases = (
				A8000001 /* Sources */,
				A4000001 /* Frameworks */,
				A9000001 /* Resources */,
			);
			buildRules = (
			);
			dependencies = (
			);
			name = LinguaDigestLite;
			productName = LinguaDigestLite;
			productReference = A3000001;
			productType = "com.apple.product-type.application";
		};
/* End PBXNativeTarget section */

/* Begin PBXProject section */
		B0000001 /* Project object */ = {
			isa = PBXProject;
			attributes = {
				BuildIndependentTargetsInParallel = 1;
				LastSwiftUpdateCheck = 1500;
				LastUpgradeCheck = 1500;
				TargetAttributes = {
					A6000001 = {
						CreatedOnToolsVersion = 15.0;
					};
				};
			};
			buildConfigurationList = B1000001;
			compatibilityVersion = "Xcode 14.0";
			developmentRegion = en;
			hasScannedForEncodings = 0;
			knownRegions = (
				en,
				zh-Hans,
				Base,
			);
			mainGroup = A5000001;
			productRefGroup = A5000003;
			projectDirPath = "";
			projectRoot = "";
			targets = (
				A6000001 /* LinguaDigestLite */,
			);
		};
/* End PBXProject section */

/* Begin PBXResourcesBuildPhase section */
		A9000001 /* Resources */ = {
			isa = PBXResourcesBuildPhase;
			buildActionMask = 2147483647;
			files = (
				CC2D0E1F2A3B4C5D6E7F8A9B /* ecdict.db in Resources */,
				L10N_STRINGS_BUILD /* Localizable.strings in Resources */,
			);
			runOnlyForDeploymentPostprocessing = 0;
		};
/* End PBXResourcesBuildPhase section */

/* Begin PBXSourcesBuildPhase section */
		A8000001 /* Sources */ = {
			isa = PBXSourcesBuildPhase;
			buildActionMask = 2147483647;
			files = (
				A1000001 /* LinguaDigestLiteApp.swift in Sources */,
				A1000002 /* ArticleListView.swift in Sources */,
				A1000003 /* ReaderView.swift in Sources */,
				A1000004 /* FeedListView.swift in Sources */,
				A1000005 /* VocabularyListView.swift in Sources */,
				A1000006 /* SettingsView.swift in Sources */,
				A1000018 /* AddFeedSheetView.swift in Sources */,
				A1000007 /* Article.swift in Sources */,
				A1000008 /* Feed.swift in Sources */,
				A1000009 /* Vocabulary.swift in Sources */,
				A1000019 /* VocabularyCategory.swift in Sources */,
				A1000010 /* ReadingSettings.swift in Sources */,
				A1000011 /* DatabaseManager.swift in Sources */,
				A1000012 /* FeedService.swift in Sources */,
				A1000013 /* DictionaryService.swift in Sources */,
				A1000014 /* SpeechService.swift in Sources */,
				A1000015 /* FeedViewModel.swift in Sources */,
				A1000016 /* ArticleViewModel.swift in Sources */,
				A1000017 /* VocabularyViewModel.swift in Sources */,
				A1000020 /* ReaderViewModel.swift in Sources */,
				74669B16947CCE2A92F0BD69 /* TranslationService.swift in Sources */,
				B2D0B39EAEE53CCDBF24756 /* DictionaryImportService.swift in Sources */,
				0E1B995485C170F8F5145E3 /* DictionaryDownloadService.swift in Sources */,
				7C125E53C4171059E7E05A1 /* NotificationService.swift in Sources */,
				A91C7CCFC5784F81AFE9262 /* DictionaryDatabaseManager.swift in Sources */,
				AA1B2C3D4E5F6A7B8C9D0E1F /* DictionaryEntry.swift in Sources */,
				A1000021 /* RefreshLogEntry.swift in Sources */,
				SH000002 /* SQLiteHelper.swift in Sources */,
				A1000022 /* RefreshLogView.swift in Sources */,
				A1000023 /* TextTranslationViewModel.swift in Sources */,
				L10N_BUILD_FILE /* L10n.swift in Sources */,
				A1000024 /* SavedSentence.swift in Sources */,
				A1000025 /* SentenceViewModel.swift in Sources */,
				A1000026 /* SentenceDetailView.swift in Sources */,
				A1000027 /* FeedStorage.swift in Sources */,
				A1000028 /* ArticleStorage.swift in Sources */,
				A1000029 /* VocabularyStorage.swift in Sources */,
				A1000030 /* CategoryStorage.swift in Sources */,
				A1000031 /* SentenceStorage.swift in Sources */,
				A1000032 /* RefreshLogStorage.swift in Sources */,
				A1000033 /* HTMLEntityDecoder.swift in Sources */,
				A1000034 /* HTMLContentExtractor.swift in Sources */,
				A1000035 /* RSSParser.swift in Sources */,
				A1000036 /* ArticleReaderTextView.swift in Sources */,
				A1000037 /* CategoryViews.swift in Sources */,
				A1000038 /* FontPickerView.swift in Sources */,
				A1000039 /* ReaderTextView.swift in Sources */,
				A1000040 /* ReviewView.swift in Sources */,
				A1000041 /* SentenceRowView.swift in Sources */,
				A1000042 /* SentenceSaveSheet.swift in Sources */,
				A1000043 /* SentenceTranslationSheet.swift in Sources */,
				A1000044 /* SystemDictionarySheetView.swift in Sources */,
				A1000045 /* ThemePickerView.swift in Sources */,
				A1000046 /* VocabularyLevelPickerView.swift in Sources */,
				A1000047 /* VocabularyRowView.swift in Sources */,
				A1000048 /* VoicePickerView.swift in Sources */,
				A1000049 /* ReaderMetaPill.swift in Sources */,
				A1000050 /* StatItem.swift in Sources */,
				A1000051 /* DictionaryExportSheet.swift in Sources */,
				A1000052 /* DictionaryFormatGuideSheet.swift in Sources */,
				A1000053 /* DictionaryImportSheet.swift in Sources */,
			);
			runOnlyForDeploymentPostprocessing = 0;
		};
/* End PBXSourcesBuildPhase section */

/* Begin XCBuildConfiguration section */
		B2000001 /* Debug */ = {
			isa = XCBuildConfiguration;
			buildSettings = {
				ALWAYS_SEARCH_USER_PATHS = NO;
				ASSETCATALOG_COMPILER_GENERATE_SWIFT_ASSET_SYMBOL_EXTENSIONS = YES;
				CLANG_ANALYZER_NONNULL = YES;
				CLANG_ANALYZER_NUMBER_OBJECT_CONVERSION = YES_AGGRESSIVE;
				CLANG_CXX_LANGUAGE_STANDARD = "gnu++20";
				CLANG_ENABLE_MODULES = YES;
				CLANG_ENABLE_OBJC_ARC = YES;
				CLANG_ENABLE_OBJC_WEAK = YES;
				CLANG_WARN_BLOCK_CAPTURE_AUTORELEASING = YES;
				CLANG_WARN_BOOL_CONVERSION = YES;
				CLANG_WARN_COMMA = YES;
				CLANG_WARN_CONSTANT_CONVERSION = YES;
				CLANG_WARN_DEPRECATED_OBJC_IMPLEMENTATIONS = YES;
				CLANG_WARN_DIRECT_OBJC_ISA_USAGE = YES_ERROR;
				CLANG_WARN_DOCUMENTATION_COMMENTS = YES;
				CLANG_WARN_EMPTY_BODY = YES;
				CLANG_WARN_ENUM_CONVERSION = YES;
				CLANG_WARN_INFINITE_RECURSION = YES;
				CLANG_WARN_INT_CONVERSION = YES;
				CLANG_WARN_NON_LITERAL_NULL_CONVERSION = YES;
				CLANG_WARN_OBJC_IMPLICIT_RETAIN_SELF = YES;
				CLANG_WARN_OBJC_LITERAL_CONVERSION = YES;
				CLANG_WARN_OBJC_ROOT_CLASS = YES_ERROR;
				CLANG_WARN_QUOTED_INCLUDE_IN_FRAMEWORK_HEADER = YES;
				CLANG_WARN_RANGE_LOOP_ANALYSIS = YES;
				CLANG_WARN_STRICT_PROTOTYPES = YES;
				CLANG_WARN_SUSPICIOUS_MOVE = YES;
				CLANG_WARN_UNGUARDED_AVAILABILITY = YES_AGGRESSIVE;
				CLANG_WARN_UNREACHABLE_CODE = YES;
				CLANG_WARN__DUPLICATE_METHOD_MATCH = YES;
				COPY_PHASE_STRIP = NO;
				DEBUG_INFORMATION_FORMAT = dwarf;
				ENABLE_STRICT_OBJC_MSGSEND = YES;
				ENABLE_TESTABILITY = YES;
				ENABLE_USER_SCRIPT_SANDBOXING = YES;
				GCC_C_LANGUAGE_STANDARD = gnu17;
				GCC_DYNAMIC_NO_PIC = NO;
				GCC_NO_COMMON_BLOCKS = YES;
				GCC_OPTIMIZATION_LEVEL = 0;
				GCC_PREPROCESSOR_DEFINITIONS = (
					"DEBUG=1",
					"$(inherited)",
				);
				GCC_WARN_64_TO_32_BIT_CONVERSION = YES;
				GCC_WARN_ABOUT_RETURN_TYPE = YES_ERROR;
				GCC_WARN_UNDECLARED_SELECTOR = YES;
				GCC_WARN_UNINITIALIZED_AUTOS = YES_AGGRESSIVE;
				GCC_WARN_UNUSED_FUNCTION = YES;
				GCC_WARN_UNUSED_VARIABLE = YES;
				IPHONEOS_DEPLOYMENT_TARGET = 16.0;
				LOCALIZATION_PREFERS_STRING_CATALOGS = YES;
				MTL_ENABLE_DEBUG_INFO = INCLUDE_SOURCE;
				MTL_FAST_MATH = YES;
				ONLY_ACTIVE_ARCH = YES;
				SDKROOT = iphoneos;
				SWIFT_ACTIVE_COMPILATION_CONDITIONS = "DEBUG $(inherited)";
				SWIFT_OPTIMIZATION_LEVEL = "-Onone";
			};
			name = Debug;
		};
		B2000002 /* Release */ = {
			isa = XCBuildConfiguration;
			buildSettings = {
				ALWAYS_SEARCH_USER_PATHS = NO;
				ASSETCATALOG_COMPILER_GENERATE_SWIFT_ASSET_SYMBOL_EXTENSIONS = YES;
				CLANG_ANALYZER_NONNULL = YES;
				CLANG_ANALYZER_NUMBER_OBJECT_CONVERSION = YES_AGGRESSIVE;
				CLANG_CXX_LANGUAGE_STANDARD = "gnu++20";
				CLANG_ENABLE_MODULES = YES;
				CLANG_ENABLE_OBJC_ARC = YES;
				CLANG_ENABLE_OBJC_WEAK = YES;
				CLANG_WARN_BLOCK_CAPTURE_AUTORELEASING = YES;
				CLANG_WARN_BOOL_CONVERSION = YES;
				CLANG_WARN_COMMA = YES;
				CLANG_WARN_CONSTANT_CONVERSION = YES;
				CLANG_WARN_DEPRECATED_OBJC_IMPLEMENTATIONS = YES;
				CLANG_WARN_DIRECT_OBJC_ISA_USAGE = YES_ERROR;
				CLANG_WARN_DOCUMENTATION_COMMENTS = YES;
				CLANG_WARN_EMPTY_BODY = YES;
				CLANG_WARN_ENUM_CONVERSION = YES;
				CLANG_WARN_INFINITE_RECURSION = YES;
				CLANG_WARN_INT_CONVERSION = YES;
				CLANG_WARN_NON_LITERAL_NULL_CONVERSION = YES;
				CLANG_WARN_OBJC_IMPLICIT_RETAIN_SELF = YES;
				CLANG_WARN_OBJC_LITERAL_CONVERSION = YES;
				CLANG_WARN_OBJC_ROOT_CLASS = YES_ERROR;
				CLANG_WARN_QUOTED_INCLUDE_IN_FRAMEWORK_HEADER = YES;
				CLANG_WARN_RANGE_LOOP_ANALYSIS = YES;
				CLANG_WARN_STRICT_PROTOTYPES = YES;
				CLANG_WARN_SUSPICIOUS_MOVE = YES;
				CLANG_WARN_UNGUARDED_AVAILABILITY = YES_AGGRESSIVE;
				CLANG_WARN_UNREACHABLE_CODE = YES;
				CLANG_WARN__DUPLICATE_METHOD_MATCH = YES;
				COPY_PHASE_STRIP = NO;
				DEBUG_INFORMATION_FORMAT = "dwarf-with-dsym";
				ENABLE_NS_ASSERTIONS = NO;
				ENABLE_STRICT_OBJC_MSGSEND = YES;
				ENABLE_USER_SCRIPT_SANDBOXING = YES;
				GCC_C_LANGUAGE_STANDARD = gnu17;
				GCC_NO_COMMON_BLOCKS = YES;
				GCC_WARN_64_TO_32_BIT_CONVERSION = YES;
				GCC_WARN_ABOUT_RETURN_TYPE = YES_ERROR;
				GCC_WARN_UNDECLARED_SELECTOR = YES;
				GCC_WARN_UNINITIALIZED_AUTOS = YES_AGGRESSIVE;
				GCC_WARN_UNUSED_FUNCTION = YES;
				GCC_WARN_UNUSED_VARIABLE = YES;
				IPHONEOS_DEPLOYMENT_TARGET = 16.0;
				LOCALIZATION_PREFERS_STRING_CATALOGS = YES;
				MTL_ENABLE_DEBUG_INFO = NO;
				MTL_FAST_MATH = YES;
				SDKROOT = iphoneos;
				SWIFT_COMPILATION_MODE = wholemodule;
				VALIDATE_PRODUCT = YES;
			};
			name = Release;
		};
		A7000002 /* Debug */ = {
			isa = XCBuildConfiguration;
			buildSettings = {
				ASSETCATALOG_COMPILER_APPICON_NAME = AppIcon;
				ASSETCATALOG_COMPILER_GLOBAL_ACCENT_COLOR_NAME = AccentColor;
				CODE_SIGN_STYLE = Automatic;
				CURRENT_PROJECT_VERSION = 1;
				DEVELOPMENT_ASSET_PATHS = "";
				DEVELOPMENT_TEAM = "";
				ENABLE_PREVIEWS = YES;
				GENERATE_INFOPLIST_FILE = YES;
				INFOPLIST_FILE = LinguaDigestLite/Info.plist;
				INFOPLIST_KEY_CFBundleDisplayName = "LinguaDigestLite";
				INFOPLIST_KEY_LSApplicationCategoryType = "public.app-category.news";
				INFOPLIST_KEY_UIApplicationSceneManifest_Generation = YES;
				INFOPLIST_KEY_UIApplicationSupportsIndirectInputEvents = YES;
				INFOPLIST_KEY_UILaunchScreen_Generation = YES;
				INFOPLIST_KEY_UISupportedInterfaceOrientations_iPad = "UIInterfaceOrientationPortrait UIInterfaceOrientationPortraitUpsideDown UIInterfaceOrientationLandscapeLeft UIInterfaceOrientationLandscapeRight";
				INFOPLIST_KEY_UISupportedInterfaceOrientations_iPhone = "UIInterfaceOrientationPortrait UIInterfaceOrientationLandscapeLeft UIInterfaceOrientationLandscapeRight";
				LD_RUNPATH_SEARCH_PATHS = (
					"$(inherited)",
					"@executable_path/Frameworks",
				);
				MARKETING_VERSION = 1.0;
				PRODUCT_BUNDLE_IDENTIFIER = "com.linguadigestlite.app";
				PRODUCT_NAME = "$(TARGET_NAME)";
				SWIFT_EMIT_LOC_STRINGS = YES;
				SWIFT_VERSION = 5.0;
				TARGETED_DEVICE_FAMILY = "1,2";
			};
			name = Debug;
		};
		A7000003 /* Release */ = {
			isa = XCBuildConfiguration;
			buildSettings = {
				ASSETCATALOG_COMPILER_APPICON_NAME = AppIcon;
				ASSETCATALOG_COMPILER_GLOBAL_ACCENT_COLOR_NAME = AccentColor;
				CODE_SIGN_STYLE = Automatic;
				CURRENT_PROJECT_VERSION = 1;
				DEVELOPMENT_ASSET_PATHS = "";
				DEVELOPMENT_TEAM = "";
				ENABLE_PREVIEWS = YES;
				GENERATE_INFOPLIST_FILE = YES;
				INFOPLIST_FILE = LinguaDigestLite/Info.plist;
				INFOPLIST_KEY_CFBundleDisplayName = "LinguaDigestLite";
				INFOPLIST_KEY_LSApplicationCategoryType = "public.app-category.news";
				INFOPLIST_KEY_UIApplicationSceneManifest_Generation = YES;
				INFOPLIST_KEY_UIApplicationSupportsIndirectInputEvents = YES;
				INFOPLIST_KEY_UILaunchScreen_Generation = YES;
				INFOPLIST_KEY_UISupportedInterfaceOrientations_iPad = "UIInterfaceOrientationPortrait UIInterfaceOrientationPortraitUpsideDown UIInterfaceOrientationLandscapeLeft UIInterfaceOrientationLandscapeRight";
				INFOPLIST_KEY_UISupportedInterfaceOrientations_iPhone = "UIInterfaceOrientationPortrait UIInterfaceOrientationLandscapeLeft UIInterfaceOrientationLandscapeRight";
				LD_RUNPATH_SEARCH_PATHS = (
					"$(inherited)",
					"@executable_path/Frameworks",
				);
				MARKETING_VERSION = 1.0;
				PRODUCT_BUNDLE_IDENTIFIER = "com.linguadigestlite.app";
				PRODUCT_NAME = "$(TARGET_NAME)";
				SWIFT_EMIT_LOC_STRINGS = YES;
				SWIFT_VERSION = 5.0;
				TARGETED_DEVICE_FAMILY = "1,2";
			};
			name = Release;
		};
/* End XCBuildConfiguration section */

/* Begin XCConfigurationList section */
		B1000001 /* Build configuration list for PBXProject "LinguaDigestLite" */ = {
			isa = XCConfigurationList;
			buildConfigurations = (
				B2000001 /* Debug */,
				B2000002 /* Release */,
			);
			defaultConfigurationIsVisible = 0;
			defaultConfigurationName = Release;
		};
		A7000001 /* Build configuration list for PBXNativeTarget "LinguaDigestLite" */ = {
			isa = XCConfigurationList;
			buildConfigurations = (
				A7000002 /* Debug */,
				A7000003 /* Release */,
			);
			defaultConfigurationIsVisible = 0;
			defaultConfigurationName = Release;
		};
/* End XCConfigurationList section */
	};
	rootObject = B0000001 /* Project object */;
}
